
Microsoft Visual Studio Solution File, Format Version 12.00
# Visual Studio Version 17
VisualStudioVersion = 17.4.33213.308
MinimumVisualStudioVersion = 10.0.40219.1
Project("{9A19103F-16F7-4668-BE54-9A1E7A4F7556}") = "ChatRoomApp", "ChatRoomApp\ChatRoomApp.csproj", "{19867D19-47D6-484D-9263-B6EAC8938B59}"
EndProject
Project("{9A19103F-16F7-4668-BE54-9A1E7A4F7556}") = "ChatRoomApp.UnitTests", "ChatRoomApp.UnitTests\ChatRoomApp.UnitTests.csproj", "{9EC59B3A-F76D-4EC3-BE16-2BBEDB41DDB8}"
EndProject
Project("{9A19103F-16F7-4668-BE54-9A1E7A4F7556}") = "ChatBot", "ChatBot\ChatBot.csproj", "{CCB07E82-6CEF-4292-A6AE-7D6F96523728}"
EndProject
Project("{FAE04EC0-301F-11D3-BF4B-00C04F79EFBC}") = "ChatBot.UnitTests", "ChatBot.UnitTests\ChatBot.UnitTests.csproj", "{64D46319-80D9-4A25-AFA8-80221D3C4547}"
EndProject
Project("{2150E333-8FDC-42A3-9474-1A3956D46DE8}") = "UnitTests", "UnitTests", "{53B1A3E8-02C5-4708-AA23-0AD0258FBD59}"
EndProject
Project("{FAE04EC0-301F-11D3-BF4B-00C04F79EFBC}") = "ChatRoomApp.TestUtilities.Tests", "ChatRoomApp.TestUtilities.Tests\ChatRoomApp.TestUtilities.Tests.csproj", "{A6CD4A26-70FD-437D-8221-328C5009F841}"
EndProject
Global
	GlobalSection(SolutionConfigurationPlatforms) = preSolution
		Debug|Any CPU = Debug|Any CPU
		Release|Any CPU = Release|Any CPU
	EndGlobalSection
	GlobalSection(ProjectConfigurationPlatforms) = postSolution
		{19867D19-47D6-484D-9263-B6EAC8938B59}.Debug|Any CPU.ActiveCfg = Debug|Any CPU
		{19867D19-47D6-484D-9263-B6EAC8938B59}.Debug|Any CPU.Build.0 = Debug|Any CPU
		{19867D19-47D6-484D-9263-B6EAC8938B59}.Release|Any CPU.ActiveCfg = Release|Any CPU
		{19867D19-47D6-484D-9263-B6EAC8938B59}.Release|Any CPU.Build.0 = Release|Any CPU
		{9EC59B3A-F76D-4EC3-BE16-2BBEDB41DDB8}.Debug|Any CPU.ActiveCfg = Debug|Any CPU
		{9EC59B3A-F76D-4EC3-BE16-2BBEDB41DDB8}.Debug|Any CPU.Build.0 = Debug|Any CPU
		{9EC59B3A-F76D-4EC3-BE16-2BBEDB41DDB8}.Release|Any CPU.ActiveCfg = Release|Any CPU
		{9EC59B3A-F76D-4EC3-BE16-2BBEDB41DDB8}.Release|Any CPU.Build.0 = Release|Any CPU
		{CCB07E82-6CEF-4292-A6AE-7D6F96523728}.Debug|Any CPU.ActiveCfg = Debug|Any CPU
		{CCB07E82-6CEF-4292-A6AE-7D6F96523728}.Debug|Any CPU.Build.0 = Debug|Any CPU
		{CCB07E82-6CEF-4292-A6AE-7D6F96523728}.Release|Any CPU.ActiveCfg = Release|Any CPU
		{CCB07E82-6CEF-4292-A6AE-7D6F96523728}.Release|Any CPU.Build.0 = Release|Any CPU
		{64D46319-80D9-4A25-AFA8-80221D3C4547}.Debug|Any CPU.ActiveCfg = Debug|Any CPU
		{64D46319-80D9-4A25-AFA8-80221D3C4547}.Debug|Any CPU.Build.0 = Debug|Any CPU
		{64D46319-80D9-4A25-AFA8-80221D3C4547}.Release|Any CPU.ActiveCfg = Release|Any CPU
		{64D46319-80D9-4A25-AFA8-80221D3C4547}.Release|Any CPU.Build.0 = Release|Any CPU
		{A6CD4A26-70FD-437D-8221-328C5009F841}.Debug|Any CPU.ActiveCfg = Debug|Any CPU
		{A6CD4A26-70FD-437D-8221-328C5009F841}.Debug|Any CPU.Build.0 = Debug|Any CPU
		{A6CD4A26-70FD-437D-8221-328C5009F841}.Release|Any CPU.ActiveCfg = Release|Any CPU
		{A6CD4A26-70FD-437D-8221-328C5009F841}.Release|Any CPU.Build.0 = Release|Any CPU
	EndGlobalSection
	GlobalSection(SolutionProperties) = preSolution
		HideSolutionNode = FALSE
	EndGlobalSection
	GlobalSection(NestedProjects) = preSolution
		{9EC59B3A-F76D-4EC3-BE16-2BBEDB41DDB8} = {53B1A3E8-02C5-4708-AA23-0AD0258FBD59}
		{64D46319-80D9-4A25-AFA8-80221D3C4547} = {53B1A3E8-02C5-4708-AA23-0AD0258FBD59}
		{A6CD4A26-70FD-437D-8221-328C5009F841} = {53B1A3E8-02C5-4708-AA23-0AD0258FBD59}
	EndGlobalSection
	GlobalSection(ExtensibilityGlobals) = postSolution
		SolutionGuid = {CBD2B3BA-8FF0-4233-A1D0-161DC6B2620D}
	EndGlobalSection
EndGlobal
